
Microsoft Visual Studio Solution File, Format Version 12.00
# Visual Studio Version 16
VisualStudioVersion = 16.0.30320.27
MinimumVisualStudioVersion = 10.0.40219.1
Project("{FAE04EC0-301F-11D3-BF4B-00C04F79EFBC}") = "Windows_player", "Windows_player\Windows_player.csproj", "{BFFFB396-7E60-4F22-BA9F-C1B60FAEE0CB}"
EndProject
Global
	GlobalSection(SolutionConfigurationPlatforms) = preSolution
		Debug|Any CPU = Debug|Any CPU
		Release|Any CPU = Release|Any CPU
	EndGlobalSection
	GlobalSection(ProjectConfigurationPlatforms) = postSolution
		{BFFFB396-7E60-4F22-BA9F-C1B60FAEE0CB}.Debug|Any CPU.ActiveCfg = Debug|Any CPU
		{BFFFB396-7E60-4F22-BA9F-C1B60FAEE0CB}.Debug|Any CPU.Build.0 = Debug|Any CPU
		{BFFFB396-7E60-4F22-BA9F-C1B60FAEE0CB}.Release|Any CPU.ActiveCfg = Release|Any CPU
		{BFFFB396-7E60-4F22-BA9F-C1B60FAEE0CB}.Release|Any CPU.Build.0 = Release|Any CPU
	EndGlobalSection
	GlobalSection(SolutionProperties) = preSolution
		HideSolutionNode = FALSE
	EndGlobalSection
	GlobalSection(ExtensibilityGlobals) = postSolution
		SolutionGuid = {267010D6-7B3E-4982-8546-0412E582740B}
	EndGlobalSection
EndGlobal
